
Microsoft Visual Studio Solution File, Format Version 12.00
# Visual Studio 2013
VisualStudioVersion = 12.0.31101.0
MinimumVisualStudioVersion = 10.0.40219.1
Project("{FAE04EC0-301F-11D3-BF4B-00C04F79EFBC}") = "OObootCamp", "OObootCamp\OObootCamp.csproj", "{2D1466B6-080A-4F4C-87FD-3B16CB89DA00}"
EndProject
Project("{FAE04EC0-301F-11D3-BF4B-00C04F79EFBC}") = "TestOObootCamp", "TestOObootCamp\TestOObootCamp.csproj", "{4A5356DB-469F-4B29-B060-0B5C3858CFEA}"
	ProjectSection(ProjectDependencies) = postProject
		{2D1466B6-080A-4F4C-87FD-3B16CB89DA00} = {2D1466B6-080A-4F4C-87FD-3B16CB89DA00}
	EndProjectSection
EndProject
Project("{2150E333-8FDC-42A3-9474-1A3956D46DE8}") = ".nuget", ".nuget", "{0B66A9C8-D6B3-4021-A8F1-B2DE0E50DBE8}"
	ProjectSection(SolutionItems) = preProject
		.nuget\packages.config = .nuget\packages.config
	EndProjectSection
EndProject
Global
	GlobalSection(SolutionConfigurationPlatforms) = preSolution
		Debug|Any CPU = Debug|Any CPU
		Release|Any CPU = Release|Any CPU
	EndGlobalSection
	GlobalSection(ProjectConfigurationPlatforms) = postSolution
		{2D1466B6-080A-4F4C-87FD-3B16CB89DA00}.Debug|Any CPU.ActiveCfg = Debug|Any CPU
		{2D1466B6-080A-4F4C-87FD-3B16CB89DA00}.Debug|Any CPU.Build.0 = Debug|Any CPU
		{2D1466B6-080A-4F4C-87FD-3B16CB89DA00}.Release|Any CPU.ActiveCfg = Release|Any CPU
		{2D1466B6-080A-4F4C-87FD-3B16CB89DA00}.Release|Any CPU.Build.0 = Release|Any CPU
		{4A5356DB-469F-4B29-B060-0B5C3858CFEA}.Debug|Any CPU.ActiveCfg = Debug|Any CPU
		{4A5356DB-469F-4B29-B060-0B5C3858CFEA}.Debug|Any CPU.Build.0 = Debug|Any CPU
		{4A5356DB-469F-4B29-B060-0B5C3858CFEA}.Release|Any CPU.ActiveCfg = Release|Any CPU
		{4A5356DB-469F-4B29-B060-0B5C3858CFEA}.Release|Any CPU.Build.0 = Release|Any CPU
	EndGlobalSection
	GlobalSection(SolutionProperties) = preSolution
		HideSolutionNode = FALSE
	EndGlobalSection
EndGlobal
